// !$*UTF8*$!
{
	archiveVersion = 1;
	classes = {
	};
	objectVersion = 45;
	objects = {

/* Begin PBXBuildFile section */
		0706B0C413504F1F00F4C9EC /* GenreID-de.plist in Resources */ = {isa = PBXBuildFile; fileRef = 0706B0C313504F1F00F4C9EC /* GenreID-de.plist */; };
		0706BB0D133360DA000C1CFA /* Device.m in Sources */ = {isa = PBXBuildFile; fileRef = 0706BB0C133360DA000C1CFA /* Device.m */; };
		0706BB1A1333981E000C1CFA /* SbIcon.m in Sources */ = {isa = PBXBuildFile; fileRef = 0706BB191333981E000C1CFA /* SbIcon.m */; };
		0706BB1D13339830000C1CFA /* SbContainer.m in Sources */ = {isa = PBXBuildFile; fileRef = 0706BB1C13339830000C1CFA /* SbContainer.m */; };
		073EBEEE1346F7F600512869 /* PListUtility.m in Sources */ = {isa = PBXBuildFile; fileRef = 073EBEED1346F7F600512869 /* PListUtility.m */; };
		073EBEF11347187700512869 /* SortAlgorithms.m in Sources */ = {isa = PBXBuildFile; fileRef = 073EBEF01347187700512869 /* SortAlgorithms.m */; };
		075D2A8B13504943009450C2 /* GenreID-en.plist in Resources */ = {isa = PBXBuildFile; fileRef = 075D2A8A13504943009450C2 /* GenreID-en.plist */; };
		076ECA75133A8F4E00813884 /* SbState.m in Sources */ = {isa = PBXBuildFile; fileRef = 076ECA74133A8F4E00813884 /* SbState.m */; };
		0792B460134A3684002523E5 /* UsbUtility.m in Sources */ = {isa = PBXBuildFile; fileRef = 0792B45F134A3683002523E5 /* UsbUtility.m */; };
		0792B467134A4334002523E5 /* HouseArrestService.m in Sources */ = {isa = PBXBuildFile; fileRef = 0792B466134A4334002523E5 /* HouseArrestService.m */; };
		0792B46D134A435D002523E5 /* SpringBoardService.m in Sources */ = {isa = PBXBuildFile; fileRef = 0792B46C134A435D002523E5 /* SpringBoardService.m */; };
		0792B470134CB034002523E5 /* SbFolder.m in Sources */ = {isa = PBXBuildFile; fileRef = 0792B46F134CB032002523E5 /* SbFolder.m */; };
		1DDD58160DA1D0A300B32029 /* MainMenu.xib in Resources */ = {isa = PBXBuildFile; fileRef = 1DDD58140DA1D0A300B32029 /* MainMenu.xib */; };
		256AC3DA0F4B6AC300CF3369 /* SpringSortAppDelegate.m in Sources */ = {isa = PBXBuildFile; fileRef = 256AC3D90F4B6AC300CF3369 /* SpringSortAppDelegate.m */; };
		8D11072B0486CEB800E47090 /* InfoPlist.strings in Resources */ = {isa = PBXBuildFile; fileRef = 089C165CFE840E0CC02AAC07 /* InfoPlist.strings */; };
		8D11072D0486CEB800E47090 /* main.m in Sources */ = {isa = PBXBuildFile; fileRef = 29B97316FDCFA39411CA2CEA /* main.m */; settings = {ATTRIBUTES = (); }; };
		8D11072F0486CEB800E47090 /* Cocoa.framework in Frameworks */ = {isa = PBXBuildFile; fileRef = 1058C7A1FEA54F0111CA2CBB /* Cocoa.framework */; };
/* End PBXBuildFile section */

/* Begin PBXFileReference section */
		0706B0C313504F1F00F4C9EC /* GenreID-de.plist */ = {isa = PBXFileReference; fileEncoding = 4; lastKnownFileType = text.plist.xml; path = "GenreID-de.plist"; sourceTree = "<group>"; };
		0706BB0B133360DA000C1CFA /* Device.h */ = {isa = PBXFileReference; fileEncoding = 4; lastKnownFileType = sourcecode.c.h; path = Device.h; sourceTree = "<group>"; };
		0706BB0C133360DA000C1CFA /* Device.m */ = {isa = PBXFileReference; fileEncoding = 4; lastKnownFileType = sourcecode.c.objc; path = Device.m; sourceTree = "<group>"; };
		0706BB181333981E000C1CFA /* SbIcon.h */ = {isa = PBXFileReference; fileEncoding = 4; lastKnownFileType = sourcecode.c.h; path = SbIcon.h; sourceTree = "<group>"; };
		0706BB191333981E000C1CFA /* SbIcon.m */ = {isa = PBXFileReference; fileEncoding = 4; lastKnownFileType = sourcecode.c.objc; path = SbIcon.m; sourceTree = "<group>"; };
		0706BB1B13339830000C1CFA /* SbContainer.h */ = {isa = PBXFileReference; fileEncoding = 4; lastKnownFileType = sourcecode.c.h; path = SbContainer.h; sourceTree = "<group>"; };
		0706BB1C13339830000C1CFA /* SbContainer.m */ = {isa = PBXFileReference; fileEncoding = 4; lastKnownFileType = sourcecode.c.objc; path = SbContainer.m; sourceTree = "<group>"; };
		073EBEEC1346F7F600512869 /* PListUtility.h */ = {isa = PBXFileReference; fileEncoding = 4; lastKnownFileType = sourcecode.c.h; path = PListUtility.h; sourceTree = "<group>"; };
		073EBEED1346F7F600512869 /* PListUtility.m */ = {isa = PBXFileReference; fileEncoding = 4; lastKnownFileType = sourcecode.c.objc; path = PListUtility.m; sourceTree = "<group>"; };
		073EBEEF1347187700512869 /* SortAlgorithms.h */ = {isa = PBXFileReference; fileEncoding = 4; lastKnownFileType = sourcecode.c.h; path = SortAlgorithms.h; sourceTree = "<group>"; };
		073EBEF01347187700512869 /* SortAlgorithms.m */ = {isa = PBXFileReference; fileEncoding = 4; lastKnownFileType = sourcecode.c.objc; path = SortAlgorithms.m; sourceTree = "<group>"; };
		075D2A8A13504943009450C2 /* GenreID-en.plist */ = {isa = PBXFileReference; fileEncoding = 4; lastKnownFileType = text.plist.xml; path = "GenreID-en.plist"; sourceTree = "<group>"; };
		076ECA73133A8F4E00813884 /* SbState.h */ = {isa = PBXFileReference; fileEncoding = 4; lastKnownFileType = sourcecode.c.h; path = SbState.h; sourceTree = "<group>"; };
		076ECA74133A8F4E00813884 /* SbState.m */ = {isa = PBXFileReference; fileEncoding = 4; lastKnownFileType = sourcecode.c.objc; path = SbState.m; sourceTree = "<group>"; };
		0792B45E134A3682002523E5 /* UsbUtility.h */ = {isa = PBXFileReference; fileEncoding = 4; lastKnownFileType = sourcecode.c.h; path = UsbUtility.h; sourceTree = "<group>"; };
		0792B45F134A3683002523E5 /* UsbUtility.m */ = {isa = PBXFileReference; fileEncoding = 4; lastKnownFileType = sourcecode.c.objc; path = UsbUtility.m; sourceTree = "<group>"; };
		0792B465134A4334002523E5 /* HouseArrestService.h */ = {isa = PBXFileReference; fileEncoding = 4; lastKnownFileType = sourcecode.c.h; path = HouseArrestService.h; sourceTree = "<group>"; };
		0792B466134A4334002523E5 /* HouseArrestService.m */ = {isa = PBXFileReference; fileEncoding = 4; lastKnownFileType = sourcecode.c.objc; path = HouseArrestService.m; sourceTree = "<group>"; };
		0792B46B134A435D002523E5 /* SpringBoardService.h */ = {isa = PBXFileReference; fileEncoding = 4; lastKnownFileType = sourcecode.c.h; path = SpringBoardService.h; sourceTree = "<group>"; };
		0792B46C134A435D002523E5 /* SpringBoardService.m */ = {isa = PBXFileReference; fileEncoding = 4; lastKnownFileType = sourcecode.c.objc; path = SpringBoardService.m; sourceTree = "<group>"; };
		0792B46E134CB030002523E5 /* SbFolder.h */ = {isa = PBXFileReference; fileEncoding = 4; lastKnownFileType = sourcecode.c.h; path = SbFolder.h; sourceTree = "<group>"; };
		0792B46F134CB032002523E5 /* SbFolder.m */ = {isa = PBXFileReference; fileEncoding = 4; lastKnownFileType = sourcecode.c.objc; path = SbFolder.m; sourceTree = "<group>"; };
		089C165DFE840E0CC02AAC07 /* English */ = {isa = PBXFileReference; fileEncoding = 4; lastKnownFileType = text.plist.strings; name = English; path = English.lproj/InfoPlist.strings; sourceTree = "<group>"; };
		1058C7A1FEA54F0111CA2CBB /* Cocoa.framework */ = {isa = PBXFileReference; lastKnownFileType = wrapper.framework; name = Cocoa.framework; path = /System/Library/Frameworks/Cocoa.framework; sourceTree = "<absolute>"; };
		13E42FB307B3F0F600E4EEF1 /* CoreData.framework */ = {isa = PBXFileReference; lastKnownFileType = wrapper.framework; name = CoreData.framework; path = /System/Library/Frameworks/CoreData.framework; sourceTree = "<absolute>"; };
		1DDD58150DA1D0A300B32029 /* English */ = {isa = PBXFileReference; lastKnownFileType = file.xib; name = English; path = English.lproj/MainMenu.xib; sourceTree = "<group>"; };
		256AC3D80F4B6AC300CF3369 /* SpringSortAppDelegate.h */ = {isa = PBXFileReference; fileEncoding = 4; lastKnownFileType = sourcecode.c.h; path = SpringSortAppDelegate.h; sourceTree = "<group>"; };
		256AC3D90F4B6AC300CF3369 /* SpringSortAppDelegate.m */ = {isa = PBXFileReference; fileEncoding = 4; lastKnownFileType = sourcecode.c.objc; path = SpringSortAppDelegate.m; sourceTree = "<group>"; };
		256AC3F00F4B6AF500CF3369 /* SpringSort_Prefix.pch */ = {isa = PBXFileReference; fileEncoding = 4; lastKnownFileType = sourcecode.c.h; path = SpringSort_Prefix.pch; sourceTree = "<group>"; };
		29B97316FDCFA39411CA2CEA /* main.m */ = {isa = PBXFileReference; fileEncoding = 4; lastKnownFileType = sourcecode.c.objc; path = main.m; sourceTree = "<group>"; };
		29B97324FDCFA39411CA2CEA /* AppKit.framework */ = {isa = PBXFileReference; lastKnownFileType = wrapper.framework; name = AppKit.framework; path = /System/Library/Frameworks/AppKit.framework; sourceTree = "<absolute>"; };
		29B97325FDCFA39411CA2CEA /* Foundation.framework */ = {isa = PBXFileReference; lastKnownFileType = wrapper.framework; name = Foundation.framework; path = /System/Library/Frameworks/Foundation.framework; sourceTree = "<absolute>"; };
		8D1107310486CEB800E47090 /* SpringSort-Info.plist */ = {isa = PBXFileReference; fileEncoding = 4; lastKnownFileType = text.plist.xml; path = "SpringSort-Info.plist"; sourceTree = "<group>"; };
		8D1107320486CEB800E47090 /* SpringSort.app */ = {isa = PBXFileReference; explicitFileType = wrapper.application; includeInIndex = 0; path = SpringSort.app; sourceTree = BUILT_PRODUCTS_DIR; };
/* End PBXFileReference section */

/* Begin PBXFrameworksBuildPhase section */
		8D11072E0486CEB800E47090 /* Frameworks */ = {
			isa = PBXFrameworksBuildPhase;
			buildActionMask = 2147483647;
			files = (
				8D11072F0486CEB800E47090 /* Cocoa.framework in Frameworks */,
			);
			runOnlyForDeploymentPostprocessing = 0;
		};
/* End PBXFrameworksBuildPhase section */

/* Begin PBXGroup section */
		0792B45D134A33EC002523E5 /* SpringBoard */ = {
			isa = PBXGroup;
			children = (
				076ECA73133A8F4E00813884 /* SbState.h */,
				076ECA74133A8F4E00813884 /* SbState.m */,
				0706BB1B13339830000C1CFA /* SbContainer.h */,
				0706BB1C13339830000C1CFA /* SbContainer.m */,
				0792B46E134CB030002523E5 /* SbFolder.h */,
				0792B46F134CB032002523E5 /* SbFolder.m */,
				0706BB181333981E000C1CFA /* SbIcon.h */,
				0706BB191333981E000C1CFA /* SbIcon.m */,
			);
			name = SpringBoard;
			sourceTree = "<group>";
		};
		0792B461134A4300002523E5 /* Device */ = {
			isa = PBXGroup;
			children = (
				0706BB0B133360DA000C1CFA /* Device.h */,
				0706BB0C133360DA000C1CFA /* Device.m */,
				0792B465134A4334002523E5 /* HouseArrestService.h */,
				0792B466134A4334002523E5 /* HouseArrestService.m */,
				0792B46B134A435D002523E5 /* SpringBoardService.h */,
				0792B46C134A435D002523E5 /* SpringBoardService.m */,
			);
			name = Device;
			sourceTree = "<group>";
		};
		080E96DDFE201D6D7F000001 /* Classes */ = {
			isa = PBXGroup;
			children = (
				0792B461134A4300002523E5 /* Device */,
				0792B45D134A33EC002523E5 /* SpringBoard */,
				256AC3D80F4B6AC300CF3369 /* SpringSortAppDelegate.h */,
				256AC3D90F4B6AC300CF3369 /* SpringSortAppDelegate.m */,
				073EBEEC1346F7F600512869 /* PListUtility.h */,
				073EBEED1346F7F600512869 /* PListUtility.m */,
				073EBEEF1347187700512869 /* SortAlgorithms.h */,
				073EBEF01347187700512869 /* SortAlgorithms.m */,
				0792B45E134A3682002523E5 /* UsbUtility.h */,
				0792B45F134A3683002523E5 /* UsbUtility.m */,
			);
			name = Classes;
			sourceTree = "<group>";
		};
		1058C7A0FEA54F0111CA2CBB /* Linked Frameworks */ = {
			isa = PBXGroup;
			children = (
				1058C7A1FEA54F0111CA2CBB /* Cocoa.framework */,
			);
			name = "Linked Frameworks";
			sourceTree = "<group>";
		};
		1058C7A2FEA54F0111CA2CBB /* Other Frameworks */ = {
			isa = PBXGroup;
			children = (
				29B97324FDCFA39411CA2CEA /* AppKit.framework */,
				13E42FB307B3F0F600E4EEF1 /* CoreData.framework */,
				29B97325FDCFA39411CA2CEA /* Foundation.framework */,
			);
			name = "Other Frameworks";
			sourceTree = "<group>";
		};
		19C28FACFE9D520D11CA2CBB /* Products */ = {
			isa = PBXGroup;
			children = (
				8D1107320486CEB800E47090 /* SpringSort.app */,
			);
			name = Products;
			sourceTree = "<group>";
		};
		29B97314FDCFA39411CA2CEA /* SpringSort */ = {
			isa = PBXGroup;
			children = (
				080E96DDFE201D6D7F000001 /* Classes */,
				29B97315FDCFA39411CA2CEA /* Other Sources */,
				29B97317FDCFA39411CA2CEA /* Resources */,
				29B97323FDCFA39411CA2CEA /* Frameworks */,
				19C28FACFE9D520D11CA2CBB /* Products */,
			);
			name = SpringSort;
			sourceTree = "<group>";
		};
		29B97315FDCFA39411CA2CEA /* Other Sources */ = {
			isa = PBXGroup;
			children = (
				256AC3F00F4B6AF500CF3369 /* SpringSort_Prefix.pch */,
				29B97316FDCFA39411CA2CEA /* main.m */,
			);
			name = "Other Sources";
			sourceTree = "<group>";
		};
		29B97317FDCFA39411CA2CEA /* Resources */ = {
			isa = PBXGroup;
			children = (
				8D1107310486CEB800E47090 /* SpringSort-Info.plist */,
				089C165CFE840E0CC02AAC07 /* InfoPlist.strings */,
				1DDD58140DA1D0A300B32029 /* MainMenu.xib */,
				075D2A8A13504943009450C2 /* GenreID-en.plist */,
				0706B0C313504F1F00F4C9EC /* GenreID-de.plist */,
			);
			name = Resources;
			sourceTree = "<group>";
		};
		29B97323FDCFA39411CA2CEA /* Frameworks */ = {
			isa = PBXGroup;
			children = (
				1058C7A0FEA54F0111CA2CBB /* Linked Frameworks */,
				1058C7A2FEA54F0111CA2CBB /* Other Frameworks */,
			);
			name = Frameworks;
			sourceTree = "<group>";
		};
/* End PBXGroup section */

/* Begin PBXNativeTarget section */
		8D1107260486CEB800E47090 /* SpringSort */ = {
			isa = PBXNativeTarget;
			buildConfigurationList = C01FCF4A08A954540054247B /* Build configuration list for PBXNativeTarget "SpringSort" */;
			buildPhases = (
				8D1107290486CEB800E47090 /* Resources */,
				8D11072C0486CEB800E47090 /* Sources */,
				8D11072E0486CEB800E47090 /* Frameworks */,
			);
			buildRules = (
			);
			dependencies = (
			);
			name = SpringSort;
			productInstallPath = "$(HOME)/Applications";
			productName = SpringSort;
			productReference = 8D1107320486CEB800E47090 /* SpringSort.app */;
			productType = "com.apple.product-type.application";
		};
/* End PBXNativeTarget section */

/* Begin PBXProject section */
		29B97313FDCFA39411CA2CEA /* Project object */ = {
			isa = PBXProject;
			buildConfigurationList = C01FCF4E08A954540054247B /* Build configuration list for PBXProject "SpringSort" */;
			compatibilityVersion = "Xcode 3.1";
			developmentRegion = English;
			hasScannedForEncodings = 1;
			knownRegions = (
				English,
				Japanese,
				French,
				German,
			);
			mainGroup = 29B97314FDCFA39411CA2CEA /* SpringSort */;
			projectDirPath = "";
			projectRoot = "";
			targets = (
				8D1107260486CEB800E47090 /* SpringSort */,
			);
		};
/* End PBXProject section */

/* Begin PBXResourcesBuildPhase section */
		8D1107290486CEB800E47090 /* Resources */ = {
			isa = PBXResourcesBuildPhase;
			buildActionMask = 2147483647;
			files = (
				8D11072B0486CEB800E47090 /* InfoPlist.strings in Resources */,
				1DDD58160DA1D0A300B32029 /* MainMenu.xib in Resources */,
				075D2A8B13504943009450C2 /* GenreID-en.plist in Resources */,
				0706B0C413504F1F00F4C9EC /* GenreID-de.plist in Resources */,
			);
			runOnlyForDeploymentPostprocessing = 0;
		};
/* End PBXResourcesBuildPhase section */

/* Begin PBXSourcesBuildPhase section */
		8D11072C0486CEB800E47090 /* Sources */ = {
			isa = PBXSourcesBuildPhase;
			buildActionMask = 2147483647;
			files = (
				8D11072D0486CEB800E47090 /* main.m in Sources */,
				256AC3DA0F4B6AC300CF3369 /* SpringSortAppDelegate.m in Sources */,
				0706BB0D133360DA000C1CFA /* Device.m in Sources */,
				0706BB1A1333981E000C1CFA /* SbIcon.m in Sources */,
				0706BB1D13339830000C1CFA /* SbContainer.m in Sources */,
				076ECA75133A8F4E00813884 /* SbState.m in Sources */,
				073EBEEE1346F7F600512869 /* PListUtility.m in Sources */,
				073EBEF11347187700512869 /* SortAlgorithms.m in Sources */,
				0792B460134A3684002523E5 /* UsbUtility.m in Sources */,
				0792B467134A4334002523E5 /* HouseArrestService.m in Sources */,
				0792B46D134A435D002523E5 /* SpringBoardService.m in Sources */,
				0792B470134CB034002523E5 /* SbFolder.m in Sources */,
			);
			runOnlyForDeploymentPostprocessing = 0;
		};
/* End PBXSourcesBuildPhase section */

/* Begin PBXVariantGroup section */
		089C165CFE840E0CC02AAC07 /* InfoPlist.strings */ = {
			isa = PBXVariantGroup;
			children = (
				089C165DFE840E0CC02AAC07 /* English */,
			);
			name = InfoPlist.strings;
			sourceTree = "<group>";
		};
		1DDD58140DA1D0A300B32029 /* MainMenu.xib */ = {
			isa = PBXVariantGroup;
			children = (
				1DDD58150DA1D0A300B32029 /* English */,
			);
			name = MainMenu.xib;
			sourceTree = "<group>";
		};
/* End PBXVariantGroup section */

/* Begin XCBuildConfiguration section */
		C01FCF4B08A954540054247B /* Debug */ = {
			isa = XCBuildConfiguration;
			buildSettings = {
				ALWAYS_SEARCH_USER_PATHS = NO;
				COPY_PHASE_STRIP = NO;
				GCC_DYNAMIC_NO_PIC = NO;
				GCC_ENABLE_FIX_AND_CONTINUE = YES;
				GCC_MODEL_TUNING = G5;
				GCC_OPTIMIZATION_LEVEL = 0;
				GCC_PRECOMPILE_PREFIX_HEADER = YES;
				GCC_PREFIX_HEADER = SpringSort_Prefix.pch;
				INFOPLIST_FILE = "SpringSort-Info.plist";
				INSTALL_PATH = "$(HOME)/Applications";
				PRODUCT_NAME = SpringSort;
			};
			name = Debug;
		};
		C01FCF4C08A954540054247B /* Release */ = {
			isa = XCBuildConfiguration;
			buildSettings = {
				ALWAYS_SEARCH_USER_PATHS = NO;
				DEBUG_INFORMATION_FORMAT = "dwarf-with-dsym";
				GCC_MODEL_TUNING = G5;
				GCC_PRECOMPILE_PREFIX_HEADER = YES;
				GCC_PREFIX_HEADER = SpringSort_Prefix.pch;
				INFOPLIST_FILE = "SpringSort-Info.plist";
				INSTALL_PATH = "$(HOME)/Applications";
				PRODUCT_NAME = SpringSort;
			};
			name = Release;
		};
		C01FCF4F08A954540054247B /* Debug */ = {
			isa = XCBuildConfiguration;
			buildSettings = {
				ARCHS = "$(ARCHS_STANDARD_32_64_BIT)";
				GCC_C_LANGUAGE_STANDARD = gnu99;
				GCC_OPTIMIZATION_LEVEL = 0;
				GCC_VERSION = 4.2;
				GCC_WARN_ABOUT_RETURN_TYPE = YES;
				GCC_WARN_UNUSED_VARIABLE = YES;
				HEADER_SEARCH_PATHS = (
					"/Users/eric/Coding/c++/iphonesort/libs/libplist/include/",
					"/Users/eric/Coding/c++/iphonesort/libs/libimobiledevice/include/",
				);
				ONLY_ACTIVE_ARCH = YES;
				OTHER_LDFLAGS = (
					"-limobiledevice",
					"-lplist",
				);
				PREBINDING = NO;
				SDKROOT = macosx10.6;
			};
			name = Debug;
		};
		C01FCF5008A954540054247B /* Release */ = {
			isa = XCBuildConfiguration;
			buildSettings = {
				ARCHS = "$(ARCHS_STANDARD_32_64_BIT)";
				GCC_C_LANGUAGE_STANDARD = gnu99;
				GCC_WARN_ABOUT_RETURN_TYPE = YES;
				GCC_WARN_UNUSED_VARIABLE = YES;
				PREBINDING = NO;
				SDKROOT = macosx10.6;
			};
			name = Release;
		};
/* End XCBuildConfiguration section */

/* Begin XCConfigurationList section */
		C01FCF4A08A954540054247B /* Build configuration list for PBXNativeTarget "SpringSort" */ = {
			isa = XCConfigurationList;
			buildConfigurations = (
				C01FCF4B08A954540054247B /* Debug */,
				C01FCF4C08A954540054247B /* Release */,
			);
			defaultConfigurationIsVisible = 0;
			defaultConfigurationName = Release;
		};
		C01FCF4E08A954540054247B /* Build configuration list for PBXProject "SpringSort" */ = {
			isa = XCConfigurationList;
			buildConfigurations = (
				C01FCF4F08A954540054247B /* Debug */,
				C01FCF5008A954540054247B /* Release */,
			);
			defaultConfigurationIsVisible = 0;
			defaultConfigurationName = Release;
		};
/* End XCConfigurationList section */
	};
	rootObject = 29B97313FDCFA39411CA2CEA /* Project object */;
}
